// !$*UTF8*$!
{
	archiveVersion = 1;
	classes = {
	};
	objectVersion = 56;
	objects = {

/* Begin PBXBuildFile section */
		5655F0302AC21F4900A264CA /* AppDelegate.swift in Sources */ = {isa = PBXBuildFile; fileRef = 5655F02F2AC21F4900A264CA /* AppDelegate.swift */; };
		5655F0322AC21F4900A264CA /* SceneDelegate.swift in Sources */ = {isa = PBXBuildFile; fileRef = 5655F0312AC21F4900A264CA /* SceneDelegate.swift */; };
		5655F0372AC21F4900A264CA /* Main.storyboard in Resources */ = {isa = PBXBuildFile; fileRef = 5655F0352AC21F4900A264CA /* Main.storyboard */; };
		5655F0392AC21F4A00A264CA /* Assets.xcassets in Resources */ = {isa = PBXBuildFile; fileRef = 5655F0382AC21F4A00A264CA /* Assets.xcassets */; };
		5655F03C2AC21F4A00A264CA /* LaunchScreen.storyboard in Resources */ = {isa = PBXBuildFile; fileRef = 5655F03A2AC21F4A00A264CA /* LaunchScreen.storyboard */; };
		5655F0452AC239D900A264CA /* Note.swift in Sources */ = {isa = PBXBuildFile; fileRef = 5655F0442AC239D900A264CA /* Note.swift */; };
		5655F0472AC23B3A00A264CA /* NoteManager.swift in Sources */ = {isa = PBXBuildFile; fileRef = 5655F0462AC23B3A00A264CA /* NoteManager.swift */; };
		5655F0492AC247C100A264CA /* NotesTableViewController.swift in Sources */ = {isa = PBXBuildFile; fileRef = 5655F0482AC247C100A264CA /* NotesTableViewController.swift */; };
		5655F04B2AC2699500A264CA /* AddNoteViewController.swift in Sources */ = {isa = PBXBuildFile; fileRef = 5655F04A2AC2699500A264CA /* AddNoteViewController.swift */; };
		56D5871A2AC3718D00E0557D /* NoteTableViewCell.swift in Sources */ = {isa = PBXBuildFile; fileRef = 56D587192AC3718D00E0557D /* NoteTableViewCell.swift */; };
		56D5871E2AC3DA1800E0557D /* DateExtension.swift in Sources */ = {isa = PBXBuildFile; fileRef = 56D5871D2AC3DA1800E0557D /* DateExtension.swift */; };
		56D587202AC3DB4900E0557D /* FormatterExtension.swift in Sources */ = {isa = PBXBuildFile; fileRef = 56D5871F2AC3DB4900E0557D /* FormatterExtension.swift */; };
		56D587222AC3E2E000E0557D /* BordesVista.swift in Sources */ = {isa = PBXBuildFile; fileRef = 56D587212AC3E2E000E0557D /* BordesVista.swift */; };
		56D587242AC3E32400E0557D /* CGColorExtension.swift in Sources */ = {isa = PBXBuildFile; fileRef = 56D587232AC3E32400E0557D /* CGColorExtension.swift */; };
/* End PBXBuildFile section */

/* Begin PBXFileReference section */
		5655F02C2AC21F4900A264CA /* Notes.app */ = {isa = PBXFileReference; explicitFileType = wrapper.application; includeInIndex = 0; path = Notes.app; sourceTree = BUILT_PRODUCTS_DIR; };
		5655F02F2AC21F4900A264CA /* AppDelegate.swift */ = {isa = PBXFileReference; lastKnownFileType = sourcecode.swift; path = AppDelegate.swift; sourceTree = "<group>"; };
		5655F0312AC21F4900A264CA /* SceneDelegate.swift */ = {isa = PBXFileReference; lastKnownFileType = sourcecode.swift; path = SceneDelegate.swift; sourceTree = "<group>"; };
		5655F0362AC21F4900A264CA /* Base */ = {isa = PBXFileReference; lastKnownFileType = file.storyboard; name = Base; path = Base.lproj/Main.storyboard; sourceTree = "<group>"; };
		5655F0382AC21F4A00A264CA /* Assets.xcassets */ = {isa = PBXFileReference; lastKnownFileType = folder.assetcatalog; path = Assets.xcassets; sourceTree = "<group>"; };
		5655F03B2AC21F4A00A264CA /* Base */ = {isa = PBXFileReference; lastKnownFileType = file.storyboard; name = Base; path = Base.lproj/LaunchScreen.storyboard; sourceTree = "<group>"; };
		5655F03D2AC21F4A00A264CA /* Info.plist */ = {isa = PBXFileReference; lastKnownFileType = text.plist.xml; path = Info.plist; sourceTree = "<group>"; };
		5655F0442AC239D900A264CA /* Note.swift */ = {isa = PBXFileReference; lastKnownFileType = sourcecode.swift; path = Note.swift; sourceTree = "<group>"; };
		5655F0462AC23B3A00A264CA /* NoteManager.swift */ = {isa = PBXFileReference; lastKnownFileType = sourcecode.swift; path = NoteManager.swift; sourceTree = "<group>"; };
		5655F0482AC247C100A264CA /* NotesTableViewController.swift */ = {isa = PBXFileReference; lastKnownFileType = sourcecode.swift; path = NotesTableViewController.swift; sourceTree = "<group>"; };
		5655F04A2AC2699500A264CA /* AddNoteViewController.swift */ = {isa = PBXFileReference; lastKnownFileType = sourcecode.swift; path = AddNoteViewController.swift; sourceTree = "<group>"; };
		56D587192AC3718D00E0557D /* NoteTableViewCell.swift */ = {isa = PBXFileReference; lastKnownFileType = sourcecode.swift; path = NoteTableViewCell.swift; sourceTree = "<group>"; };
		56D5871D2AC3DA1800E0557D /* DateExtension.swift */ = {isa = PBXFileReference; lastKnownFileType = sourcecode.swift; path = DateExtension.swift; sourceTree = "<group>"; };
		56D5871F2AC3DB4900E0557D /* FormatterExtension.swift */ = {isa = PBXFileReference; lastKnownFileType = sourcecode.swift; path = FormatterExtension.swift; sourceTree = "<group>"; };
		56D587212AC3E2E000E0557D /* BordesVista.swift */ = {isa = PBXFileReference; lastKnownFileType = sourcecode.swift; path = BordesVista.swift; sourceTree = "<group>"; };
		56D587232AC3E32400E0557D /* CGColorExtension.swift */ = {isa = PBXFileReference; lastKnownFileType = sourcecode.swift; path = CGColorExtension.swift; sourceTree = "<group>"; };
/* End PBXFileReference section */

/* Begin PBXFrameworksBuildPhase section */
		5655F0292AC21F4900A264CA /* Frameworks */ = {
			isa = PBXFrameworksBuildPhase;
			buildActionMask = 2147483647;
			files = (
			);
			runOnlyForDeploymentPostprocessing = 0;
		};
/* End PBXFrameworksBuildPhase section */

/* Begin PBXGroup section */
		5655F0232AC21F4900A264CA = {
			isa = PBXGroup;
			children = (
				5655F02E2AC21F4900A264CA /* Notes */,
				5655F02D2AC21F4900A264CA /* Products */,
			);
			sourceTree = "<group>";
		};
		5655F02D2AC21F4900A264CA /* Products */ = {
			isa = PBXGroup;
			children = (
				5655F02C2AC21F4900A264CA /* Notes.app */,
			);
			name = Products;
			sourceTree = "<group>";
		};
		5655F02E2AC21F4900A264CA /* Notes */ = {
			isa = PBXGroup;
			children = (
				56D5871C2AC3D9AC00E0557D /* Extensions */,
				56D5871B2AC371A000E0557D /* View */,
				5655F0432AC2395E00A264CA /* Model */,
				5655F02F2AC21F4900A264CA /* AppDelegate.swift */,
				5655F0312AC21F4900A264CA /* SceneDelegate.swift */,
				5655F0352AC21F4900A264CA /* Main.storyboard */,
				5655F0382AC21F4A00A264CA /* Assets.xcassets */,
				5655F03A2AC21F4A00A264CA /* LaunchScreen.storyboard */,
				5655F03D2AC21F4A00A264CA /* Info.plist */,
			);
			path = Notes;
			sourceTree = "<group>";
		};
		5655F0432AC2395E00A264CA /* Model */ = {
			isa = PBXGroup;
			children = (
				5655F0442AC239D900A264CA /* Note.swift */,
				5655F0462AC23B3A00A264CA /* NoteManager.swift */,
				5655F0482AC247C100A264CA /* NotesTableViewController.swift */,
				5655F04A2AC2699500A264CA /* AddNoteViewController.swift */,
			);
			path = Model;
			sourceTree = "<group>";
		};
		56D5871B2AC371A000E0557D /* View */ = {
			isa = PBXGroup;
			children = (
				56D587192AC3718D00E0557D /* NoteTableViewCell.swift */,
			);
			path = View;
			sourceTree = "<group>";
		};
		56D5871C2AC3D9AC00E0557D /* Extensions */ = {
			isa = PBXGroup;
			children = (
				56D5871D2AC3DA1800E0557D /* DateExtension.swift */,
				56D5871F2AC3DB4900E0557D /* FormatterExtension.swift */,
				56D587212AC3E2E000E0557D /* BordesVista.swift */,
				56D587232AC3E32400E0557D /* CGColorExtension.swift */,
			);
			path = Extensions;
			sourceTree = "<group>";
		};
/* End PBXGroup section */

/* Begin PBXNativeTarget section */
		5655F02B2AC21F4900A264CA /* Notes */ = {
			isa = PBXNativeTarget;
			buildConfigurationList = 5655F0402AC21F4A00A264CA /* Build configuration list for PBXNativeTarget "Notes" */;
			buildPhases = (
				5655F0282AC21F4900A264CA /* Sources */,
				5655F0292AC21F4900A264CA /* Frameworks */,
				5655F02A2AC21F4900A264CA /* Resources */,
			);
			buildRules = (
			);
			dependencies = (
			);
			name = Notes;
			productName = Notes;
			productReference = 5655F02C2AC21F4900A264CA /* Notes.app */;
			productType = "com.apple.product-type.application";
		};
/* End PBXNativeTarget section */

/* Begin PBXProject section */
		5655F0242AC21F4900A264CA /* Project object */ = {
			isa = PBXProject;
			attributes = {
				BuildIndependentTargetsInParallel = 1;
				LastSwiftUpdateCheck = 1430;
				LastUpgradeCheck = 1430;
				TargetAttributes = {
					5655F02B2AC21F4900A264CA = {
						CreatedOnToolsVersion = 14.3;
					};
				};
			};
			buildConfigurationList = 5655F0272AC21F4900A264CA /* Build configuration list for PBXProject "Notes" */;
			compatibilityVersion = "Xcode 14.0";
			developmentRegion = en;
			hasScannedForEncodings = 0;
			knownRegions = (
				en,
				Base,
			);
			mainGroup = 5655F0232AC21F4900A264CA;
			productRefGroup = 5655F02D2AC21F4900A264CA /* Products */;
			projectDirPath = "";
			projectRoot = "";
			targets = (
				5655F02B2AC21F4900A264CA /* Notes */,
			);
		};
/* End PBXProject section */

/* Begin PBXResourcesBuildPhase section */
		5655F02A2AC21F4900A264CA /* Resources */ = {
			isa = PBXResourcesBuildPhase;
			buildActionMask = 2147483647;
			files = (
				5655F03C2AC21F4A00A264CA /* LaunchScreen.storyboard in Resources */,
				5655F0392AC21F4A00A264CA /* Assets.xcassets in Resources */,
				5655F0372AC21F4900A264CA /* Main.storyboard in Resources */,
			);
			runOnlyForDeploymentPostprocessing = 0;
		};
/* End PBXResourcesBuildPhase section */

/* Begin PBXSourcesBuildPhase section */
		5655F0282AC21F4900A264CA /* Sources */ = {
			isa = PBXSourcesBuildPhase;
			buildActionMask = 2147483647;
			files = (
				5655F0472AC23B3A00A264CA /* NoteManager.swift in Sources */,
				56D5871E2AC3DA1800E0557D /* DateExtension.swift in Sources */,
				5655F0302AC21F4900A264CA /* AppDelegate.swift in Sources */,
				5655F04B2AC2699500A264CA /* AddNoteViewController.swift in Sources */,
				5655F0322AC21F4900A264CA /* SceneDelegate.swift in Sources */,
				56D587242AC3E32400E0557D /* CGColorExtension.swift in Sources */,
				56D587202AC3DB4900E0557D /* FormatterExtension.swift in Sources */,
				56D587222AC3E2E000E0557D /* BordesVista.swift in Sources */,
				5655F0452AC239D900A264CA /* Note.swift in Sources */,
				56D5871A2AC3718D00E0557D /* NoteTableViewCell.swift in Sources */,
				5655F0492AC247C100A264CA /* NotesTableViewController.swift in Sources */,
			);
			runOnlyForDeploymentPostprocessing = 0;
		};
/* End PBXSourcesBuildPhase section */

/* Begin PBXVariantGroup section */
		5655F0352AC21F4900A264CA /* Main.storyboard */ = {
			isa = PBXVariantGroup;
			children = (
				5655F0362AC21F4900A264CA /* Base */,
			);
			name = Main.storyboard;
			sourceTree = "<group>";
		};
		5655F03A2AC21F4A00A264CA /* LaunchScreen.storyboard */ = {
			isa = PBXVariantGroup;
			children = (
				5655F03B2AC21F4A00A264CA /* Base */,
			);
			name = LaunchScreen.storyboard;
			sourceTree = "<group>";
		};
/* End PBXVariantGroup section */

/* Begin XCBuildConfiguration section */
		5655F03E2AC21F4A00A264CA /* Debug */ = {
			isa = XCBuildConfiguration;
			buildSettings = {
				ALWAYS_SEARCH_USER_PATHS = NO;
				CLANG_ANALYZER_NONNULL = YES;
				CLANG_ANALYZER_NUMBER_OBJECT_CONVERSION = YES_AGGRESSIVE;
				CLANG_CXX_LANGUAGE_STANDARD = "gnu++20";
				CLANG_ENABLE_MODULES = YES;
				CLANG_ENABLE_OBJC_ARC = YES;
				CLANG_ENABLE_OBJC_WEAK = YES;
				CLANG_WARN_BLOCK_CAPTURE_AUTORELEASING = YES;
				CLANG_WARN_BOOL_CONVERSION = YES;
				CLANG_WARN_COMMA = YES;
				CLANG_WARN_CONSTANT_CONVERSION = YES;
				CLANG_WARN_DEPRECATED_OBJC_IMPLEMENTATIONS = YES;
				CLANG_WARN_DIRECT_OBJC_ISA_USAGE = YES_ERROR;
				CLANG_WARN_DOCUMENTATION_COMMENTS = YES;
				CLANG_WARN_EMPTY_BODY = YES;
				CLANG_WARN_ENUM_CONVERSION = YES;
				CLANG_WARN_INFINITE_RECURSION = YES;
				CLANG_WARN_INT_CONVERSION = YES;
				CLANG_WARN_NON_LITERAL_NULL_CONVERSION = YES;
				CLANG_WARN_OBJC_IMPLICIT_RETAIN_SELF = YES;
				CLANG_WARN_OBJC_LITERAL_CONVERSION = YES;
				CLANG_WARN_OBJC_ROOT_CLASS = YES_ERROR;
				CLANG_WARN_QUOTED_INCLUDE_IN_FRAMEWORK_HEADER = YES;
				CLANG_WARN_RANGE_LOOP_ANALYSIS = YES;
				CLANG_WARN_STRICT_PROTOTYPES = YES;
				CLANG_WARN_SUSPICIOUS_MOVE = YES;
				CLANG_WARN_UNGUARDED_AVAILABILITY = YES_AGGRESSIVE;
				CLANG_WARN_UNREACHABLE_CODE = YES;
				CLANG_WARN__DUPLICATE_METHOD_MATCH = YES;
				COPY_PHASE_STRIP = NO;
				DEBUG_INFORMATION_FORMAT = dwarf;
				ENABLE_STRICT_OBJC_MSGSEND = YES;
				ENABLE_TESTABILITY = YES;
				GCC_C_LANGUAGE_STANDARD = gnu11;
				GCC_DYNAMIC_NO_PIC = NO;
				GCC_NO_COMMON_BLOCKS = YES;
				GCC_OPTIMIZATION_LEVEL = 0;
				GCC_PREPROCESSOR_DEFINITIONS = (
					"DEBUG=1",
					"$(inherited)",
				);
				GCC_WARN_64_TO_32_BIT_CONVERSION = YES;
				GCC_WARN_ABOUT_RETURN_TYPE = YES_ERROR;
				GCC_WARN_UNDECLARED_SELECTOR = YES;
				GCC_WARN_UNINITIALIZED_AUTOS = YES_AGGRESSIVE;
				GCC_WARN_UNUSED_FUNCTION = YES;
				GCC_WARN_UNUSED_VARIABLE = YES;
				IPHONEOS_DEPLOYMENT_TARGET = 16.4;
				MTL_ENABLE_DEBUG_INFO = INCLUDE_SOURCE;
				MTL_FAST_MATH = YES;
				ONLY_ACTIVE_ARCH = YES;
				SDKROOT = iphoneos;
				SWIFT_ACTIVE_COMPILATION_CONDITIONS = DEBUG;
				SWIFT_OPTIMIZATION_LEVEL = "-Onone";
			};
			name = Debug;
		};
		5655F03F2AC21F4A00A264CA /* Release */ = {
			isa = XCBuildConfiguration;
			buildSettings = {
				ALWAYS_SEARCH_USER_PATHS = NO;
				CLANG_ANALYZER_NONNULL = YES;
				CLANG_ANALYZER_NUMBER_OBJECT_CONVERSION = YES_AGGRESSIVE;
				CLANG_CXX_LANGUAGE_STANDARD = "gnu++20";
				CLANG_ENABLE_MODULES = YES;
				CLANG_ENABLE_OBJC_ARC = YES;
				CLANG_ENABLE_OBJC_WEAK = YES;
				CLANG_WARN_BLOCK_CAPTURE_AUTORELEASING = YES;
				CLANG_WARN_BOOL_CONVERSION = YES;
				CLANG_WARN_COMMA = YES;
				CLANG_WARN_CONSTANT_CONVERSION = YES;
				CLANG_WARN_DEPRECATED_OBJC_IMPLEMENTATIONS = YES;
				CLANG_WARN_DIRECT_OBJC_ISA_USAGE = YES_ERROR;
				CLANG_WARN_DOCUMENTATION_COMMENTS = YES;
				CLANG_WARN_EMPTY_BODY = YES;
				CLANG_WARN_ENUM_CONVERSION = YES;
				CLANG_WARN_INFINITE_RECURSION = YES;
				CLANG_WARN_INT_CONVERSION = YES;
				CLANG_WARN_NON_LITERAL_NULL_CONVERSION = YES;
				CLANG_WARN_OBJC_IMPLICIT_RETAIN_SELF = YES;
				CLANG_WARN_OBJC_LITERAL_CONVERSION = YES;
				CLANG_WARN_OBJC_ROOT_CLASS = YES_ERROR;
				CLANG_WARN_QUOTED_INCLUDE_IN_FRAMEWORK_HEADER = YES;
				CLANG_WARN_RANGE_LOOP_ANALYSIS = YES;
				CLANG_WARN_STRICT_PROTOTYPES = YES;
				CLANG_WARN_SUSPICIOUS_MOVE = YES;
				CLANG_WARN_UNGUARDED_AVAILABILITY = YES_AGGRESSIVE;
				CLANG_WARN_UNREACHABLE_CODE = YES;
				CLANG_WARN__DUPLICATE_METHOD_MATCH = YES;
				COPY_PHASE_STRIP = NO;
				DEBUG_INFORMATION_FORMAT = "dwarf-with-dsym";
				ENABLE_NS_ASSERTIONS = NO;
				ENABLE_STRICT_OBJC_MSGSEND = YES;
				GCC_C_LANGUAGE_STANDARD = gnu11;
				GCC_NO_COMMON_BLOCKS = YES;
				GCC_WARN_64_TO_32_BIT_CONVERSION = YES;
				GCC_WARN_ABOUT_RETURN_TYPE = YES_ERROR;
				GCC_WARN_UNDECLARED_SELECTOR = YES;
				GCC_WARN_UNINITIALIZED_AUTOS = YES_AGGRESSIVE;
				GCC_WARN_UNUSED_FUNCTION = YES;
				GCC_WARN_UNUSED_VARIABLE = YES;
				IPHONEOS_DEPLOYMENT_TARGET = 16.4;
				MTL_ENABLE_DEBUG_INFO = NO;
				MTL_FAST_MATH = YES;
				SDKROOT = iphoneos;
				SWIFT_COMPILATION_MODE = wholemodule;
				SWIFT_OPTIMIZATION_LEVEL = "-O";
				VALIDATE_PRODUCT = YES;
			};
			name = Release;
		};
		5655F0412AC21F4A00A264CA /* Debug */ = {
			isa = XCBuildConfiguration;
			buildSettings = {
				ASSETCATALOG_COMPILER_APPICON_NAME = AppIcon;
				ASSETCATALOG_COMPILER_GLOBAL_ACCENT_COLOR_NAME = AccentColor;
				ASSETCATALOG_COMPILER_INCLUDE_ALL_APPICON_ASSETS = YES;
				CODE_SIGN_STYLE = Automatic;
				CURRENT_PROJECT_VERSION = 1;
				DEVELOPMENT_TEAM = 25XBYKAP76;
				GENERATE_INFOPLIST_FILE = YES;
				INFOPLIST_FILE = Notes/Info.plist;
				INFOPLIST_KEY_UIApplicationSupportsIndirectInputEvents = YES;
				INFOPLIST_KEY_UILaunchStoryboardName = LaunchScreen.storyboard;
				INFOPLIST_KEY_UIMainStoryboardFile = Main;
				INFOPLIST_KEY_UISupportedInterfaceOrientations_iPad = "UIInterfaceOrientationPortrait UIInterfaceOrientationPortraitUpsideDown UIInterfaceOrientationLandscapeLeft UIInterfaceOrientationLandscapeRight";
				INFOPLIST_KEY_UISupportedInterfaceOrientations_iPhone = "UIInterfaceOrientationPortrait UIInterfaceOrientationLandscapeLeft UIInterfaceOrientationLandscapeRight";
				LD_RUNPATH_SEARCH_PATHS = (
					"$(inherited)",
					"@executable_path/Frameworks",
				);
				MARKETING_VERSION = 1.0;
				PRODUCT_BUNDLE_IDENTIFIER = com.pordiga.Notes;
				PRODUCT_NAME = "$(TARGET_NAME)";
				SWIFT_EMIT_LOC_STRINGS = YES;
				SWIFT_VERSION = 5.0;
				TARGETED_DEVICE_FAMILY = "1,2";
			};
			name = Debug;
		};
		5655F0422AC21F4A00A264CA /* Release */ = {
			isa = XCBuildConfiguration;
			buildSettings = {
				ASSETCATALOG_COMPILER_APPICON_NAME = AppIcon;
				ASSETCATALOG_COMPILER_GLOBAL_ACCENT_COLOR_NAME = AccentColor;
				ASSETCATALOG_COMPILER_INCLUDE_ALL_APPICON_ASSETS = YES;
				CODE_SIGN_STYLE = Automatic;
				CURRENT_PROJECT_VERSION = 1;
				DEVELOPMENT_TEAM = 25XBYKAP76;
				GENERATE_INFOPLIST_FILE = YES;
				INFOPLIST_FILE = Notes/Info.plist;
				INFOPLIST_KEY_UIApplicationSupportsIndirectInputEvents = YES;
				INFOPLIST_KEY_UILaunchStoryboardName = LaunchScreen.storyboard;
				INFOPLIST_KEY_UIMainStoryboardFile = Main;
				INFOPLIST_KEY_UISupportedInterfaceOrientations_iPad = "UIInterfaceOrientationPortrait UIInterfaceOrientationPortraitUpsideDown UIInterfaceOrientationLandscapeLeft UIInterfaceOrientationLandscapeRight";
				INFOPLIST_KEY_UISupportedInterfaceOrientations_iPhone = "UIInterfaceOrientationPortrait UIInterfaceOrientationLandscapeLeft UIInterfaceOrientationLandscapeRight";
				LD_RUNPATH_SEARCH_PATHS = (
					"$(inherited)",
					"@executable_path/Frameworks",
				);
				MARKETING_VERSION = 1.0;
				PRODUCT_BUNDLE_IDENTIFIER = com.pordiga.Notes;
				PRODUCT_NAME = "$(TARGET_NAME)";
				SWIFT_EMIT_LOC_STRINGS = YES;
				SWIFT_VERSION = 5.0;
				TARGETED_DEVICE_FAMILY = "1,2";
			};
			name = Release;
		};
/* End XCBuildConfiguration section */

/* Begin XCConfigurationList section */
		5655F0272AC21F4900A264CA /* Build configuration list for PBXProject "Notes" */ = {
			isa = XCConfigurationList;
			buildConfigurations = (
				5655F03E2AC21F4A00A264CA /* Debug */,
				5655F03F2AC21F4A00A264CA /* Release */,
			);
			defaultConfigurationIsVisible = 0;
			defaultConfigurationName = Release;
		};
		5655F0402AC21F4A00A264CA /* Build configuration list for PBXNativeTarget "Notes" */ = {
			isa = XCConfigurationList;
			buildConfigurations = (
				5655F0412AC21F4A00A264CA /* Debug */,
				5655F0422AC21F4A00A264CA /* Release */,
			);
			defaultConfigurationIsVisible = 0;
			defaultConfigurationName = Release;
		};
/* End XCConfigurationList section */
	};
	rootObject = 5655F0242AC21F4900A264CA /* Project object */;
}
